// !$*UTF8*$!
{
	archiveVersion = 1;
	classes = {
	};
	objectVersion = 56;
	objects = {

/* Begin PBXBuildFile section */
		095573A8FA22AEC4D286FCBB /* QuickMetricsAnalyzer.swift in Sources */ = {isa = PBXBuildFile; fileRef = 31FE68ADAE92F40436ECA91E /* QuickMetricsAnalyzer.swift */; };
		3DC306C3198346FE055162FD /* DPIUpscalingView.swift in Sources */ = {isa = PBXBuildFile; fileRef = 021088A5E10E7A79AD100A3E /* DPIUpscalingView.swift */; };
		3F0DC77E545A489CFD76A5DA /* PanoramaStitchingView.swift in Sources */ = {isa = PBXBuildFile; fileRef = C7D695E483BE7C3C751AB63B /* PanoramaStitchingView.swift */; };
		41E6DF1E28F36EA42AEF7B17 /* QuickMetricsView.swift in Sources */ = {isa = PBXBuildFile; fileRef = 2F6B9CAA836837492373E594 /* QuickMetricsView.swift */; };
		AA0001000000000000000001 /* PhotoCoachProApp.swift in Sources */ = {isa = PBXBuildFile; fileRef = AA1001000000000000000001 /* PhotoCoachProApp.swift */; };
		AA0001000000000000000002 /* AppState.swift in Sources */ = {isa = PBXBuildFile; fileRef = AA1001000000000000000002 /* AppState.swift */; };
		AA0001000000000000000003 /* EditInstruction.swift in Sources */ = {isa = PBXBuildFile; fileRef = AA1001000000000000000003 /* EditInstruction.swift */; };
		AA0001000000000000000004 /* EditStack.swift in Sources */ = {isa = PBXBuildFile; fileRef = AA1001000000000000000004 /* EditStack.swift */; };
		AA0001000000000000000005 /* EditBranch.swift in Sources */ = {isa = PBXBuildFile; fileRef = AA1001000000000000000005 /* EditBranch.swift */; };
		AA0001000000000000000006 /* EditPresets.swift in Sources */ = {isa = PBXBuildFile; fileRef = AA1001000000000000000006 /* EditPresets.swift */; };
		AA0001000000000000000007 /* EditGraphEngine.swift in Sources */ = {isa = PBXBuildFile; fileRef = AA1001000000000000000007 /* EditGraphEngine.swift */; };
		AA0001000000000000000008 /* ColorSpaceManager.swift in Sources */ = {isa = PBXBuildFile; fileRef = AA1001000000000000000008 /* ColorSpaceManager.swift */; };
		AA0001000000000000000009 /* ImageLoader.swift in Sources */ = {isa = PBXBuildFile; fileRef = AA1001000000000000000009 /* ImageLoader.swift */; };
		AA0001000000000000000010 /* ImageRenderer.swift in Sources */ = {isa = PBXBuildFile; fileRef = AA1001000000000000000010 /* ImageRenderer.swift */; };
		AA0001000000000000000011 /* ThumbnailCache.swift in Sources */ = {isa = PBXBuildFile; fileRef = AA1001000000000000000011 /* ThumbnailCache.swift */; };
		AA0001000000000000000012 /* EXIFReader.swift in Sources */ = {isa = PBXBuildFile; fileRef = AA1001000000000000000012 /* EXIFReader.swift */; };
		AA0001000000000000000013 /* MetadataModels.swift in Sources */ = {isa = PBXBuildFile; fileRef = AA1001000000000000000013 /* MetadataModels.swift */; };
		AA0001000000000000000014 /* SupportedFormats.swift in Sources */ = {isa = PBXBuildFile; fileRef = AA1001000000000000000014 /* SupportedFormats.swift */; };
		AA0001000000000000000015 /* RAWSettings.swift in Sources */ = {isa = PBXBuildFile; fileRef = AA1001000000000000000015 /* RAWSettings.swift */; };
		AA0001000000000000000016 /* RAWDecoder.swift in Sources */ = {isa = PBXBuildFile; fileRef = AA1001000000000000000016 /* RAWDecoder.swift */; };
		AA0001000000000000000017 /* MaskLayer.swift in Sources */ = {isa = PBXBuildFile; fileRef = AA1001000000000000000017 /* MaskLayer.swift */; };
		AA0001000000000000000018 /* AutoMaskDetector.swift in Sources */ = {isa = PBXBuildFile; fileRef = AA1001000000000000000018 /* AutoMaskDetector.swift */; };
		AA0001000000000000000019 /* MaskRefinementBrush.swift in Sources */ = {isa = PBXBuildFile; fileRef = AA1001000000000000000019 /* MaskRefinementBrush.swift */; };
		AA0001000000000000000020 /* MaskedAdjustment.swift in Sources */ = {isa = PBXBuildFile; fileRef = AA1001000000000000000020 /* MaskedAdjustment.swift */; };
		AA0001000000000000000021 /* EditRecord.swift in Sources */ = {isa = PBXBuildFile; fileRef = AA1001000000000000000021 /* EditRecord.swift */; };
		AA0001000000000000000022 /* MaskRecord.swift in Sources */ = {isa = PBXBuildFile; fileRef = AA1001000000000000000022 /* MaskRecord.swift */; };
		AA0001000000000000000023 /* RAWSettingsRecord.swift in Sources */ = {isa = PBXBuildFile; fileRef = AA1001000000000000000023 /* RAWSettingsRecord.swift */; };
		AA0001000000000000000024 /* PhotoRecord.swift in Sources */ = {isa = PBXBuildFile; fileRef = AA1001000000000000000024 /* PhotoRecord.swift */; };
		AA0001000000000000000082 /* SkillHistoryRecord.swift in Sources */ = {isa = PBXBuildFile; fileRef = AA1001000000000000000082 /* SkillHistoryRecord.swift */; };
		AA0001000000000000000025 /* EditHistoryManager.swift in Sources */ = {isa = PBXBuildFile; fileRef = AA1001000000000000000025 /* EditHistoryManager.swift */; };
		AA0001000000000000000026 /* LocalDatabase.swift in Sources */ = {isa = PBXBuildFile; fileRef = AA1001000000000000000026 /* LocalDatabase.swift */; };
		AA0001000000000000000027 /* PrivacySettings.swift in Sources */ = {isa = PBXBuildFile; fileRef = AA1001000000000000000027 /* PrivacySettings.swift */; };
		AA0001000000000000000028 /* HomeView.swift in Sources */ = {isa = PBXBuildFile; fileRef = AA1001000000000000000028 /* HomeView.swift */; };
		AA0001000000000000000029 /* EditorView.swift in Sources */ = {isa = PBXBuildFile; fileRef = AA1001000000000000000029 /* EditorView.swift */; };
		AA0001000000000000000030 /* SliderControls.swift in Sources */ = {isa = PBXBuildFile; fileRef = AA1001000000000000000030 /* SliderControls.swift */; };
		AA0001000000000000000031 /* HistogramView.swift in Sources */ = {isa = PBXBuildFile; fileRef = AA1001000000000000000031 /* HistogramView.swift */; };
		AA0001000000000000000032 /* ToneCurveView.swift in Sources */ = {isa = PBXBuildFile; fileRef = AA1001000000000000000032 /* ToneCurveView.swift */; };
		AA0001000000000000000033 /* HSLMixerView.swift in Sources */ = {isa = PBXBuildFile; fileRef = AA1001000000000000000033 /* HSLMixerView.swift */; };
		AA0001000000000000000034 /* CropView.swift in Sources */ = {isa = PBXBuildFile; fileRef = AA1001000000000000000034 /* CropView.swift */; };
		AA0001000000000000000035 /* PhotoGridItem.swift in Sources */ = {isa = PBXBuildFile; fileRef = AA1001000000000000000035 /* PhotoGridItem.swift */; };
		AA0001000000000000000036 /* LoadingOverlay.swift in Sources */ = {isa = PBXBuildFile; fileRef = AA1001000000000000000036 /* LoadingOverlay.swift */; };
		AA0001000000000000000037 /* ErrorBanner.swift in Sources */ = {isa = PBXBuildFile; fileRef = AA1001000000000000000037 /* ErrorBanner.swift */; };
		AA0001000000000000000038 /* AccessibilityModifiers.swift in Sources */ = {isa = PBXBuildFile; fileRef = AA1001000000000000000038 /* AccessibilityModifiers.swift */; };
		AA0001000000000000000039 /* CritiqueResult.swift in Sources */ = {isa = PBXBuildFile; fileRef = AA1001000000000000000039 /* CritiqueResult.swift */; };
		AA0001000000000000000040 /* ImageAnalyzer.swift in Sources */ = {isa = PBXBuildFile; fileRef = AA1001000000000000000040 /* ImageAnalyzer.swift */; };
		AA0001000000000000000041 /* CompositionAnalyzer.swift in Sources */ = {isa = PBXBuildFile; fileRef = AA1001000000000000000041 /* CompositionAnalyzer.swift */; };
		AA0001000000000000000042 /* LightAnalyzer.swift in Sources */ = {isa = PBXBuildFile; fileRef = AA1001000000000000000042 /* LightAnalyzer.swift */; };
		AA0001000000000000000043 /* FocusAnalyzer.swift in Sources */ = {isa = PBXBuildFile; fileRef = AA1001000000000000000043 /* FocusAnalyzer.swift */; };
		AA0001000000000000000044 /* ColorAnalyzer.swift in Sources */ = {isa = PBXBuildFile; fileRef = AA1001000000000000000044 /* ColorAnalyzer.swift */; };
		AA0001000000000000000045 /* BackgroundAnalyzer.swift in Sources */ = {isa = PBXBuildFile; fileRef = AA1001000000000000000045 /* BackgroundAnalyzer.swift */; };
		AA0001000000000000000046 /* StoryAnalyzer.swift in Sources */ = {isa = PBXBuildFile; fileRef = AA1001000000000000000046 /* StoryAnalyzer.swift */; };
		AA0001000000000000000047 /* ConsistencyReport.swift in Sources */ = {isa = PBXBuildFile; fileRef = AA1001000000000000000047 /* ConsistencyReport.swift */; };
		AA0001000000000000000048 /* BatchAnalyzer.swift in Sources */ = {isa = PBXBuildFile; fileRef = AA1001000000000000000048 /* BatchAnalyzer.swift */; };
		AA0001000000000000000049 /* BatchCorrectionSuggester.swift in Sources */ = {isa = PBXBuildFile; fileRef = AA1001000000000000000049 /* BatchCorrectionSuggester.swift */; };
		AA0001000000000000000050 /* SkillMetric.swift in Sources */ = {isa = PBXBuildFile; fileRef = AA1001000000000000000050 /* SkillMetric.swift */; };
		AA0001000000000000000051 /* SkillHistory.swift in Sources */ = {isa = PBXBuildFile; fileRef = AA1001000000000000000051 /* SkillHistory.swift */; };
		AA0001000000000000000052 /* WeeklyFocusPlan.swift in Sources */ = {isa = PBXBuildFile; fileRef = AA1001000000000000000052 /* WeeklyFocusPlan.swift */; };
		AA0001000000000000000053 /* SkillDashboard.swift in Sources */ = {isa = PBXBuildFile; fileRef = AA1001000000000000000053 /* SkillDashboard.swift */; };
		AA0001000000000000000054 /* CritiqueResultView.swift in Sources */ = {isa = PBXBuildFile; fileRef = AA1001000000000000000054 /* CritiqueResultView.swift */; };
		AA0001000000000000000055 /* CategoryBreakdownView.swift in Sources */ = {isa = PBXBuildFile; fileRef = AA1001000000000000000055 /* CategoryBreakdownView.swift */; };
		AA0001000000000000000056 /* ImprovementActionsView.swift in Sources */ = {isa = PBXBuildFile; fileRef = AA1001000000000000000056 /* ImprovementActionsView.swift */; };
		AA0001000000000000000057 /* CritiqueRecord.swift in Sources */ = {isa = PBXBuildFile; fileRef = AA1001000000000000000057 /* CritiqueRecord.swift */; };
		AA0001000000000000000058 /* Preset.swift in Sources */ = {isa = PBXBuildFile; fileRef = AA1001000000000000000058 /* Preset.swift */; };
		AA0001000000000000000059 /* PresetRecord.swift in Sources */ = {isa = PBXBuildFile; fileRef = AA1001000000000000000059 /* PresetRecord.swift */; };
		AA0001000000000000000060 /* PresetManager.swift in Sources */ = {isa = PBXBuildFile; fileRef = AA1001000000000000000060 /* PresetManager.swift */; };
		AA0001000000000000000061 /* PresetLibrary.swift in Sources */ = {isa = PBXBuildFile; fileRef = AA1001000000000000000061 /* PresetLibrary.swift */; };
		AA0001000000000000000062 /* PresetApplicator.swift in Sources */ = {isa = PBXBuildFile; fileRef = AA1001000000000000000062 /* PresetApplicator.swift */; };
		AA0001000000000000000063 /* PresetLibraryView.swift in Sources */ = {isa = PBXBuildFile; fileRef = AA1001000000000000000063 /* PresetLibraryView.swift */; };
		AA0001000000000000000064 /* PresetDetailView.swift in Sources */ = {isa = PBXBuildFile; fileRef = AA1001000000000000000064 /* PresetDetailView.swift */; };
		AA0001000000000000000065 /* SavePresetView.swift in Sources */ = {isa = PBXBuildFile; fileRef = AA1001000000000000000065 /* SavePresetView.swift */; };
		AA0001000000000000000066 /* CloudRecord.swift in Sources */ = {isa = PBXBuildFile; fileRef = AA1001000000000000000066 /* CloudRecord.swift */; };
		AA0001000000000000000067 /* SyncStatus.swift in Sources */ = {isa = PBXBuildFile; fileRef = AA1001000000000000000067 /* SyncStatus.swift */; };
		AA0001000000000000000068 /* CloudKitService.swift in Sources */ = {isa = PBXBuildFile; fileRef = AA1001000000000000000068 /* CloudKitService.swift */; };
		AA0001000000000000000069 /* SyncManager.swift in Sources */ = {isa = PBXBuildFile; fileRef = AA1001000000000000000069 /* SyncManager.swift */; };
		AA0001000000000000000070 /* SyncStatusView.swift in Sources */ = {isa = PBXBuildFile; fileRef = AA1001000000000000000070 /* SyncStatusView.swift */; };
		AA0001000000000000000071 /* SyncSettingsView.swift in Sources */ = {isa = PBXBuildFile; fileRef = AA1001000000000000000071 /* SyncSettingsView.swift */; };
		AA0001000000000000000072 /* ConflictResolutionView.swift in Sources */ = {isa = PBXBuildFile; fileRef = AA1001000000000000000072 /* ConflictResolutionView.swift */; };
		AA0001000000000000000073 /* ExportSettings.swift in Sources */ = {isa = PBXBuildFile; fileRef = AA1001000000000000000073 /* ExportSettings.swift */; };
		AA0001000000000000000074 /* ExportEngine.swift in Sources */ = {isa = PBXBuildFile; fileRef = AA1001000000000000000074 /* ExportEngine.swift */; };
		AA0001000000000000000075 /* FormatConverter.swift in Sources */ = {isa = PBXBuildFile; fileRef = AA1001000000000000000075 /* FormatConverter.swift */; };
		AA0001000000000000000076 /* MetadataHandler.swift in Sources */ = {isa = PBXBuildFile; fileRef = AA1001000000000000000076 /* MetadataHandler.swift */; };
		AA0001000000000000000077 /* ExportManager.swift in Sources */ = {isa = PBXBuildFile; fileRef = AA1001000000000000000077 /* ExportManager.swift */; };
		AA0001000000000000000078 /* ExportOptionsView.swift in Sources */ = {isa = PBXBuildFile; fileRef = AA1001000000000000000078 /* ExportOptionsView.swift */; };
		AA0001000000000000000079 /* BatchExportView.swift in Sources */ = {isa = PBXBuildFile; fileRef = AA1001000000000000000079 /* BatchExportView.swift */; };
		AA0001000000000000000080 /* ShareView.swift in Sources */ = {isa = PBXBuildFile; fileRef = AA1001000000000000000080 /* ShareView.swift */; };
		AA0001000000000000000081 /* PrintPreparationView.swift in Sources */ = {isa = PBXBuildFile; fileRef = AA1001000000000000000081 /* PrintPreparationView.swift */; };
		AA0002000000000000000001 /* Assets.xcassets in Resources */ = {isa = PBXBuildFile; fileRef = AA2001000000000000000001 /* Assets.xcassets */; };
		AA0002000000000000000002 /* Preview Assets.xcassets in Resources */ = {isa = PBXBuildFile; fileRef = AA2001000000000000000002 /* Preview Assets.xcassets */; };
		D2191E3DB2C2C63CE2B1D60E /* PanoramaStitcher.swift in Sources */ = {isa = PBXBuildFile; fileRef = 7AFFD671EDC5AD020124995B /* PanoramaStitcher.swift */; };
		DC25739E1A07FB31613CC3F5 /* DPIUpscaler.swift in Sources */ = {isa = PBXBuildFile; fileRef = E91DF64CD798A6956A3087CC /* DPIUpscaler.swift */; };
/* End PBXBuildFile section */

/* Begin PBXFileReference section */
		021088A5E10E7A79AD100A3E /* DPIUpscalingView.swift */ = {isa = PBXFileReference; includeInIndex = 1; lastKnownFileType = sourcecode.swift; name = DPIUpscalingView.swift; path = Upscaling/DPIUpscalingView.swift; sourceTree = "<group>"; };
		2F6B9CAA836837492373E594 /* QuickMetricsView.swift */ = {isa = PBXFileReference; includeInIndex = 1; lastKnownFileType = sourcecode.swift; path = QuickMetricsView.swift; sourceTree = "<group>"; };
		31FE68ADAE92F40436ECA91E /* QuickMetricsAnalyzer.swift */ = {isa = PBXFileReference; includeInIndex = 1; lastKnownFileType = sourcecode.swift; path = QuickMetricsAnalyzer.swift; sourceTree = "<group>"; };
		7AFFD671EDC5AD020124995B /* PanoramaStitcher.swift */ = {isa = PBXFileReference; includeInIndex = 1; lastKnownFileType = sourcecode.swift; name = PanoramaStitcher.swift; path = Panorama/PanoramaStitcher.swift; sourceTree = "<group>"; };
		AA0000000000000000000001 /* PhotoCoachPro.app */ = {isa = PBXFileReference; explicitFileType = wrapper.application; includeInIndex = 0; path = PhotoCoachPro.app; sourceTree = BUILT_PRODUCTS_DIR; };
		AA1001000000000000000001 /* PhotoCoachProApp.swift */ = {isa = PBXFileReference; lastKnownFileType = sourcecode.swift; path = PhotoCoachProApp.swift; sourceTree = "<group>"; };
		AA1001000000000000000002 /* AppState.swift */ = {isa = PBXFileReference; lastKnownFileType = sourcecode.swift; path = AppState.swift; sourceTree = "<group>"; };
		AA1001000000000000000003 /* EditInstruction.swift */ = {isa = PBXFileReference; lastKnownFileType = sourcecode.swift; path = EditInstruction.swift; sourceTree = "<group>"; };
		AA1001000000000000000004 /* EditStack.swift */ = {isa = PBXFileReference; lastKnownFileType = sourcecode.swift; path = EditStack.swift; sourceTree = "<group>"; };
		AA1001000000000000000005 /* EditBranch.swift */ = {isa = PBXFileReference; lastKnownFileType = sourcecode.swift; path = EditBranch.swift; sourceTree = "<group>"; };
		AA1001000000000000000006 /* EditPresets.swift */ = {isa = PBXFileReference; lastKnownFileType = sourcecode.swift; path = EditPresets.swift; sourceTree = "<group>"; };
		AA1001000000000000000007 /* EditGraphEngine.swift */ = {isa = PBXFileReference; lastKnownFileType = sourcecode.swift; path = EditGraphEngine.swift; sourceTree = "<group>"; };
		AA1001000000000000000008 /* ColorSpaceManager.swift */ = {isa = PBXFileReference; lastKnownFileType = sourcecode.swift; path = ColorSpaceManager.swift; sourceTree = "<group>"; };
		AA1001000000000000000009 /* ImageLoader.swift */ = {isa = PBXFileReference; lastKnownFileType = sourcecode.swift; path = ImageLoader.swift; sourceTree = "<group>"; };
		AA1001000000000000000010 /* ImageRenderer.swift */ = {isa = PBXFileReference; lastKnownFileType = sourcecode.swift; path = ImageRenderer.swift; sourceTree = "<group>"; };
		AA1001000000000000000011 /* ThumbnailCache.swift */ = {isa = PBXFileReference; lastKnownFileType = sourcecode.swift; path = ThumbnailCache.swift; sourceTree = "<group>"; };
		AA1001000000000000000012 /* EXIFReader.swift */ = {isa = PBXFileReference; lastKnownFileType = sourcecode.swift; path = EXIFReader.swift; sourceTree = "<group>"; };
		AA1001000000000000000013 /* MetadataModels.swift */ = {isa = PBXFileReference; lastKnownFileType = sourcecode.swift; path = MetadataModels.swift; sourceTree = "<group>"; };
		AA1001000000000000000014 /* SupportedFormats.swift */ = {isa = PBXFileReference; lastKnownFileType = sourcecode.swift; path = SupportedFormats.swift; sourceTree = "<group>"; };
		AA1001000000000000000015 /* RAWSettings.swift */ = {isa = PBXFileReference; lastKnownFileType = sourcecode.swift; path = RAWSettings.swift; sourceTree = "<group>"; };
		AA1001000000000000000016 /* RAWDecoder.swift */ = {isa = PBXFileReference; lastKnownFileType = sourcecode.swift; path = RAWDecoder.swift; sourceTree = "<group>"; };
		AA1001000000000000000017 /* MaskLayer.swift */ = {isa = PBXFileReference; lastKnownFileType = sourcecode.swift; path = MaskLayer.swift; sourceTree = "<group>"; };
		AA1001000000000000000018 /* AutoMaskDetector.swift */ = {isa = PBXFileReference; lastKnownFileType = sourcecode.swift; path = AutoMaskDetector.swift; sourceTree = "<group>"; };
		AA1001000000000000000019 /* MaskRefinementBrush.swift */ = {isa = PBXFileReference; lastKnownFileType = sourcecode.swift; path = MaskRefinementBrush.swift; sourceTree = "<group>"; };
		AA1001000000000000000020 /* MaskedAdjustment.swift */ = {isa = PBXFileReference; lastKnownFileType = sourcecode.swift; path = MaskedAdjustment.swift; sourceTree = "<group>"; };
		AA1001000000000000000021 /* EditRecord.swift */ = {isa = PBXFileReference; lastKnownFileType = sourcecode.swift; path = EditRecord.swift; sourceTree = "<group>"; };
		AA1001000000000000000022 /* MaskRecord.swift */ = {isa = PBXFileReference; lastKnownFileType = sourcecode.swift; path = MaskRecord.swift; sourceTree = "<group>"; };
		AA1001000000000000000023 /* RAWSettingsRecord.swift */ = {isa = PBXFileReference; lastKnownFileType = sourcecode.swift; path = RAWSettingsRecord.swift; sourceTree = "<group>"; };
		AA1001000000000000000024 /* PhotoRecord.swift */ = {isa = PBXFileReference; lastKnownFileType = sourcecode.swift; path = PhotoRecord.swift; sourceTree = "<group>"; };
		AA1001000000000000000082 /* SkillHistoryRecord.swift */ = {isa = PBXFileReference; lastKnownFileType = sourcecode.swift; path = SkillHistoryRecord.swift; sourceTree = "<group>"; };
		AA1001000000000000000025 /* EditHistoryManager.swift */ = {isa = PBXFileReference; lastKnownFileType = sourcecode.swift; path = EditHistoryManager.swift; sourceTree = "<group>"; };
		AA1001000000000000000026 /* LocalDatabase.swift */ = {isa = PBXFileReference; lastKnownFileType = sourcecode.swift; path = LocalDatabase.swift; sourceTree = "<group>"; };
		AA1001000000000000000027 /* PrivacySettings.swift */ = {isa = PBXFileReference; lastKnownFileType = sourcecode.swift; path = PrivacySettings.swift; sourceTree = "<group>"; };
		AA1001000000000000000028 /* HomeView.swift */ = {isa = PBXFileReference; lastKnownFileType = sourcecode.swift; path = HomeView.swift; sourceTree = "<group>"; };
		AA1001000000000000000029 /* EditorView.swift */ = {isa = PBXFileReference; lastKnownFileType = sourcecode.swift; path = EditorView.swift; sourceTree = "<group>"; };
		AA1001000000000000000030 /* SliderControls.swift */ = {isa = PBXFileReference; lastKnownFileType = sourcecode.swift; path = SliderControls.swift; sourceTree = "<group>"; };
		AA1001000000000000000031 /* HistogramView.swift */ = {isa = PBXFileReference; lastKnownFileType = sourcecode.swift; path = HistogramView.swift; sourceTree = "<group>"; };
		AA1001000000000000000032 /* ToneCurveView.swift */ = {isa = PBXFileReference; lastKnownFileType = sourcecode.swift; path = ToneCurveView.swift; sourceTree = "<group>"; };
		AA1001000000000000000033 /* HSLMixerView.swift */ = {isa = PBXFileReference; lastKnownFileType = sourcecode.swift; path = HSLMixerView.swift; sourceTree = "<group>"; };
		AA1001000000000000000034 /* CropView.swift */ = {isa = PBXFileReference; lastKnownFileType = sourcecode.swift; path = CropView.swift; sourceTree = "<group>"; };
		AA1001000000000000000035 /* PhotoGridItem.swift */ = {isa = PBXFileReference; lastKnownFileType = sourcecode.swift; path = PhotoGridItem.swift; sourceTree = "<group>"; };
		AA1001000000000000000036 /* LoadingOverlay.swift */ = {isa = PBXFileReference; lastKnownFileType = sourcecode.swift; path = LoadingOverlay.swift; sourceTree = "<group>"; };
		AA1001000000000000000037 /* ErrorBanner.swift */ = {isa = PBXFileReference; lastKnownFileType = sourcecode.swift; path = ErrorBanner.swift; sourceTree = "<group>"; };
		AA1001000000000000000038 /* AccessibilityModifiers.swift */ = {isa = PBXFileReference; lastKnownFileType = sourcecode.swift; path = AccessibilityModifiers.swift; sourceTree = "<group>"; };
		AA1001000000000000000039 /* CritiqueResult.swift */ = {isa = PBXFileReference; lastKnownFileType = sourcecode.swift; path = CritiqueResult.swift; sourceTree = "<group>"; };
		AA1001000000000000000040 /* ImageAnalyzer.swift */ = {isa = PBXFileReference; lastKnownFileType = sourcecode.swift; path = ImageAnalyzer.swift; sourceTree = "<group>"; };
		AA1001000000000000000041 /* CompositionAnalyzer.swift */ = {isa = PBXFileReference; lastKnownFileType = sourcecode.swift; path = CompositionAnalyzer.swift; sourceTree = "<group>"; };
		AA1001000000000000000042 /* LightAnalyzer.swift */ = {isa = PBXFileReference; lastKnownFileType = sourcecode.swift; path = LightAnalyzer.swift; sourceTree = "<group>"; };
		AA1001000000000000000043 /* FocusAnalyzer.swift */ = {isa = PBXFileReference; lastKnownFileType = sourcecode.swift; path = FocusAnalyzer.swift; sourceTree = "<group>"; };
		AA1001000000000000000044 /* ColorAnalyzer.swift */ = {isa = PBXFileReference; lastKnownFileType = sourcecode.swift; path = ColorAnalyzer.swift; sourceTree = "<group>"; };
		AA1001000000000000000045 /* BackgroundAnalyzer.swift */ = {isa = PBXFileReference; lastKnownFileType = sourcecode.swift; path = BackgroundAnalyzer.swift; sourceTree = "<group>"; };
		AA1001000000000000000046 /* StoryAnalyzer.swift */ = {isa = PBXFileReference; lastKnownFileType = sourcecode.swift; path = StoryAnalyzer.swift; sourceTree = "<group>"; };
		AA1001000000000000000047 /* ConsistencyReport.swift */ = {isa = PBXFileReference; lastKnownFileType = sourcecode.swift; path = ConsistencyReport.swift; sourceTree = "<group>"; };
		AA1001000000000000000048 /* BatchAnalyzer.swift */ = {isa = PBXFileReference; lastKnownFileType = sourcecode.swift; path = BatchAnalyzer.swift; sourceTree = "<group>"; };
		AA1001000000000000000049 /* BatchCorrectionSuggester.swift */ = {isa = PBXFileReference; lastKnownFileType = sourcecode.swift; path = BatchCorrectionSuggester.swift; sourceTree = "<group>"; };
		AA1001000000000000000050 /* SkillMetric.swift */ = {isa = PBXFileReference; lastKnownFileType = sourcecode.swift; path = SkillMetric.swift; sourceTree = "<group>"; };
		AA1001000000000000000051 /* SkillHistory.swift */ = {isa = PBXFileReference; lastKnownFileType = sourcecode.swift; path = SkillHistory.swift; sourceTree = "<group>"; };
		AA1001000000000000000052 /* WeeklyFocusPlan.swift */ = {isa = PBXFileReference; lastKnownFileType = sourcecode.swift; path = WeeklyFocusPlan.swift; sourceTree = "<group>"; };
		AA1001000000000000000053 /* SkillDashboard.swift */ = {isa = PBXFileReference; lastKnownFileType = sourcecode.swift; path = SkillDashboard.swift; sourceTree = "<group>"; };
		AA1001000000000000000054 /* CritiqueResultView.swift */ = {isa = PBXFileReference; lastKnownFileType = sourcecode.swift; path = CritiqueResultView.swift; sourceTree = "<group>"; };
		AA1001000000000000000055 /* CategoryBreakdownView.swift */ = {isa = PBXFileReference; lastKnownFileType = sourcecode.swift; path = CategoryBreakdownView.swift; sourceTree = "<group>"; };
		AA1001000000000000000056 /* ImprovementActionsView.swift */ = {isa = PBXFileReference; lastKnownFileType = sourcecode.swift; path = ImprovementActionsView.swift; sourceTree = "<group>"; };
		AA1001000000000000000057 /* CritiqueRecord.swift */ = {isa = PBXFileReference; lastKnownFileType = sourcecode.swift; path = CritiqueRecord.swift; sourceTree = "<group>"; };
		AA1001000000000000000058 /* Preset.swift */ = {isa = PBXFileReference; lastKnownFileType = sourcecode.swift; path = Preset.swift; sourceTree = "<group>"; };
		AA1001000000000000000059 /* PresetRecord.swift */ = {isa = PBXFileReference; lastKnownFileType = sourcecode.swift; path = PresetRecord.swift; sourceTree = "<group>"; };
		AA1001000000000000000060 /* PresetManager.swift */ = {isa = PBXFileReference; lastKnownFileType = sourcecode.swift; path = PresetManager.swift; sourceTree = "<group>"; };
		AA1001000000000000000061 /* PresetLibrary.swift */ = {isa = PBXFileReference; lastKnownFileType = sourcecode.swift; path = PresetLibrary.swift; sourceTree = "<group>"; };
		AA1001000000000000000062 /* PresetApplicator.swift */ = {isa = PBXFileReference; lastKnownFileType = sourcecode.swift; path = PresetApplicator.swift; sourceTree = "<group>"; };
		AA1001000000000000000063 /* PresetLibraryView.swift */ = {isa = PBXFileReference; lastKnownFileType = sourcecode.swift; path = PresetLibraryView.swift; sourceTree = "<group>"; };
		AA1001000000000000000064 /* PresetDetailView.swift */ = {isa = PBXFileReference; lastKnownFileType = sourcecode.swift; path = PresetDetailView.swift; sourceTree = "<group>"; };
		AA1001000000000000000065 /* SavePresetView.swift */ = {isa = PBXFileReference; lastKnownFileType = sourcecode.swift; path = SavePresetView.swift; sourceTree = "<group>"; };
		AA1001000000000000000066 /* CloudRecord.swift */ = {isa = PBXFileReference; lastKnownFileType = sourcecode.swift; path = CloudRecord.swift; sourceTree = "<group>"; };
		AA1001000000000000000067 /* SyncStatus.swift */ = {isa = PBXFileReference; lastKnownFileType = sourcecode.swift; path = SyncStatus.swift; sourceTree = "<group>"; };
		AA1001000000000000000068 /* CloudKitService.swift */ = {isa = PBXFileReference; lastKnownFileType = sourcecode.swift; path = CloudKitService.swift; sourceTree = "<group>"; };
		AA1001000000000000000069 /* SyncManager.swift */ = {isa = PBXFileReference; lastKnownFileType = sourcecode.swift; path = SyncManager.swift; sourceTree = "<group>"; };
		AA1001000000000000000070 /* SyncStatusView.swift */ = {isa = PBXFileReference; lastKnownFileType = sourcecode.swift; path = SyncStatusView.swift; sourceTree = "<group>"; };
		AA1001000000000000000071 /* SyncSettingsView.swift */ = {isa = PBXFileReference; lastKnownFileType = sourcecode.swift; path = SyncSettingsView.swift; sourceTree = "<group>"; };
		AA1001000000000000000072 /* ConflictResolutionView.swift */ = {isa = PBXFileReference; lastKnownFileType = sourcecode.swift; path = ConflictResolutionView.swift; sourceTree = "<group>"; };
		AA1001000000000000000073 /* ExportSettings.swift */ = {isa = PBXFileReference; lastKnownFileType = sourcecode.swift; path = ExportSettings.swift; sourceTree = "<group>"; };
		AA1001000000000000000074 /* ExportEngine.swift */ = {isa = PBXFileReference; lastKnownFileType = sourcecode.swift; path = ExportEngine.swift; sourceTree = "<group>"; };
		AA1001000000000000000075 /* FormatConverter.swift */ = {isa = PBXFileReference; lastKnownFileType = sourcecode.swift; path = FormatConverter.swift; sourceTree = "<group>"; };
		AA1001000000000000000076 /* MetadataHandler.swift */ = {isa = PBXFileReference; lastKnownFileType = sourcecode.swift; path = MetadataHandler.swift; sourceTree = "<group>"; };
		AA1001000000000000000077 /* ExportManager.swift */ = {isa = PBXFileReference; lastKnownFileType = sourcecode.swift; path = ExportManager.swift; sourceTree = "<group>"; };
		AA1001000000000000000078 /* ExportOptionsView.swift */ = {isa = PBXFileReference; lastKnownFileType = sourcecode.swift; path = ExportOptionsView.swift; sourceTree = "<group>"; };
		AA1001000000000000000079 /* BatchExportView.swift */ = {isa = PBXFileReference; lastKnownFileType = sourcecode.swift; path = BatchExportView.swift; sourceTree = "<group>"; };
		AA1001000000000000000080 /* ShareView.swift */ = {isa = PBXFileReference; lastKnownFileType = sourcecode.swift; path = ShareView.swift; sourceTree = "<group>"; };
		AA1001000000000000000081 /* PrintPreparationView.swift */ = {isa = PBXFileReference; lastKnownFileType = sourcecode.swift; path = PrintPreparationView.swift; sourceTree = "<group>"; };
		AA2001000000000000000001 /* Assets.xcassets */ = {isa = PBXFileReference; lastKnownFileType = folder.assetcatalog; path = Assets.xcassets; sourceTree = "<group>"; };
		AA2001000000000000000002 /* Preview Assets.xcassets */ = {isa = PBXFileReference; lastKnownFileType = folder.assetcatalog; path = "Preview Assets.xcassets"; sourceTree = "<group>"; };
		AA3001000000000000000001 /* PhotoCoachPro.entitlements */ = {isa = PBXFileReference; lastKnownFileType = text.plist.entitlements; path = PhotoCoachPro.entitlements; sourceTree = "<group>"; };
		C7D695E483BE7C3C751AB63B /* PanoramaStitchingView.swift */ = {isa = PBXFileReference; includeInIndex = 1; lastKnownFileType = sourcecode.swift; name = PanoramaStitchingView.swift; path = Panorama/PanoramaStitchingView.swift; sourceTree = "<group>"; };
		E91DF64CD798A6956A3087CC /* DPIUpscaler.swift */ = {isa = PBXFileReference; includeInIndex = 1; lastKnownFileType = sourcecode.swift; name = DPIUpscaler.swift; path = Upscaling/DPIUpscaler.swift; sourceTree = "<group>"; };
/* End PBXFileReference section */

/* Begin PBXFrameworksBuildPhase section */
		AA0000000000000000000002 /* Frameworks */ = {
			isa = PBXFrameworksBuildPhase;
			buildActionMask = 2147483647;
			files = (
			);
			runOnlyForDeploymentPostprocessing = 0;
		};
/* End PBXFrameworksBuildPhase section */

/* Begin PBXGroup section */
		0BE52B5EED9B904BFFD57E88 /* Upscaling */ = {
			isa = PBXGroup;
			children = (
				E91DF64CD798A6956A3087CC /* DPIUpscaler.swift */,
			);
			name = Upscaling;
			sourceTree = "<group>";
		};
		0FADFD18BD7C077C2347AD06 /* Panorama */ = {
			isa = PBXGroup;
			children = (
				C7D695E483BE7C3C751AB63B /* PanoramaStitchingView.swift */,
			);
			name = Panorama;
			sourceTree = "<group>";
		};
		AA0000000000000000000003 = {
			isa = PBXGroup;
			children = (
				AA0000000000000000000004 /* PhotoCoachPro */,
				AA0000000000000000000005 /* Products */,
			);
			sourceTree = "<group>";
		};
		AA0000000000000000000004 /* PhotoCoachPro */ = {
			isa = PBXGroup;
			children = (
				AA3001000000000000000001 /* PhotoCoachPro.entitlements */,
				AA5000000000000000000001 /* App */,
				AA5000000000000000000002 /* CoreEngine */,
				AA5000000000000000000003 /* Storage */,
				AA5000000000000000000004 /* UI */,
				AA5000000000000000000005 /* Presets */,
				AA5000000000000000000006 /* Export */,
				AA5000000000000000000007 /* CloudSync */,
				AA5000000000000000000008 /* AICoach */,
				AA2001000000000000000001 /* Assets.xcassets */,
				AA5000000000000000000009 /* Preview Content */,
			);
			path = PhotoCoachPro;
			sourceTree = "<group>";
		};
		AA0000000000000000000005 /* Products */ = {
			isa = PBXGroup;
			children = (
				AA0000000000000000000001 /* PhotoCoachPro.app */,
			);
			name = Products;
			sourceTree = "<group>";
		};
		AA5000000000000000000001 /* App */ = {
			isa = PBXGroup;
			children = (
				AA1001000000000000000001 /* PhotoCoachProApp.swift */,
				AA1001000000000000000002 /* AppState.swift */,
			);
			path = App;
			sourceTree = "<group>";
		};
		AA5000000000000000000002 /* CoreEngine */ = {
			isa = PBXGroup;
			children = (
				AA5000000000000000000010 /* EditGraph */,
				AA5000000000000000000011 /* ImagePipeline */,
				AA5000000000000000000012 /* MetadataAnalyzer */,
				AA5000000000000000000013 /* RAWProcessor */,
				AA5000000000000000000014 /* MaskingEngine */,
				AE788886522EA1819C190DFC /* Panorama */,
				0BE52B5EED9B904BFFD57E88 /* Upscaling */,
			);
			path = CoreEngine;
			sourceTree = "<group>";
		};
		AA5000000000000000000003 /* Storage */ = {
			isa = PBXGroup;
			children = (
				AA5000000000000000000015 /* Models */,
				AA5000000000000000000016 /* PrivacyControls */,
				AA1001000000000000000025 /* EditHistoryManager.swift */,
				AA1001000000000000000026 /* LocalDatabase.swift */,
			);
			path = Storage;
			sourceTree = "<group>";
		};
		AA5000000000000000000004 /* UI */ = {
			isa = PBXGroup;
			children = (
				AA5000000000000000000017 /* Home */,
				AA5000000000000000000018 /* Editor */,
				AA5000000000000000000019 /* Shared */,
				0FADFD18BD7C077C2347AD06 /* Panorama */,
				E9D141623C4C05BFC9CD29B0 /* Upscaling */,
			);
			path = UI;
			sourceTree = "<group>";
		};
		AA5000000000000000000005 /* Presets */ = {
			isa = PBXGroup;
			children = (
				AA5000000000000000000020 /* Models */,
				AA5000000000000000000021 /* Engine */,
				AA5000000000000000000022 /* UI */,
			);
			path = Presets;
			sourceTree = "<group>";
		};
		AA5000000000000000000006 /* Export */ = {
			isa = PBXGroup;
			children = (
				AA5000000000000000000023 /* Models */,
				AA5000000000000000000024 /* Engine */,
				AA5000000000000000000025 /* UI */,
				AA1001000000000000000077 /* ExportManager.swift */,
			);
			path = Export;
			sourceTree = "<group>";
		};
		AA5000000000000000000007 /* CloudSync */ = {
			isa = PBXGroup;
			children = (
				AA5000000000000000000026 /* Models */,
				AA5000000000000000000027 /* Engine */,
				AA5000000000000000000028 /* UI */,
			);
			path = CloudSync;
			sourceTree = "<group>";
		};
		AA5000000000000000000008 /* AICoach */ = {
			isa = PBXGroup;
			children = (
				AA5000000000000000000029 /* CritiqueEngine */,
				AA5000000000000000000030 /* BatchConsistencyModule */,
				AA5000000000000000000031 /* SkillTrackingModule */,
				AA5000000000000000000032 /* UI */,
				AA5000000000000000000033 /* DataModel */,
			);
			path = AICoach;
			sourceTree = "<group>";
		};
		AA5000000000000000000009 /* Preview Content */ = {
			isa = PBXGroup;
			children = (
				AA2001000000000000000002 /* Preview Assets.xcassets */,
			);
			path = "Preview Content";
			sourceTree = "<group>";
		};
		AA5000000000000000000010 /* EditGraph */ = {
			isa = PBXGroup;
			children = (
				AA1001000000000000000003 /* EditInstruction.swift */,
				AA1001000000000000000004 /* EditStack.swift */,
				AA1001000000000000000005 /* EditBranch.swift */,
				AA1001000000000000000006 /* EditPresets.swift */,
				AA1001000000000000000007 /* EditGraphEngine.swift */,
			);
			path = EditGraph;
			sourceTree = "<group>";
		};
		AA5000000000000000000011 /* ImagePipeline */ = {
			isa = PBXGroup;
			children = (
				AA1001000000000000000008 /* ColorSpaceManager.swift */,
				AA1001000000000000000009 /* ImageLoader.swift */,
				AA1001000000000000000010 /* ImageRenderer.swift */,
				AA1001000000000000000011 /* ThumbnailCache.swift */,
			);
			path = ImagePipeline;
			sourceTree = "<group>";
		};
		AA5000000000000000000012 /* MetadataAnalyzer */ = {
			isa = PBXGroup;
			children = (
				AA1001000000000000000012 /* EXIFReader.swift */,
				AA1001000000000000000013 /* MetadataModels.swift */,
			);
			path = MetadataAnalyzer;
			sourceTree = "<group>";
		};
		AA5000000000000000000013 /* RAWProcessor */ = {
			isa = PBXGroup;
			children = (
				AA1001000000000000000014 /* SupportedFormats.swift */,
				AA1001000000000000000015 /* RAWSettings.swift */,
				AA1001000000000000000016 /* RAWDecoder.swift */,
			);
			path = RAWProcessor;
			sourceTree = "<group>";
		};
		AA5000000000000000000014 /* MaskingEngine */ = {
			isa = PBXGroup;
			children = (
				AA1001000000000000000017 /* MaskLayer.swift */,
				AA1001000000000000000018 /* AutoMaskDetector.swift */,
				AA1001000000000000000019 /* MaskRefinementBrush.swift */,
				AA1001000000000000000020 /* MaskedAdjustment.swift */,
			);
			path = MaskingEngine;
			sourceTree = "<group>";
		};
		AA5000000000000000000015 /* Models */ = {
			isa = PBXGroup;
			children = (
				AA1001000000000000000021 /* EditRecord.swift */,
				AA1001000000000000000022 /* MaskRecord.swift */,
				AA1001000000000000000023 /* RAWSettingsRecord.swift */,
				AA1001000000000000000024 /* PhotoRecord.swift */,
				AA1001000000000000000082 /* SkillHistoryRecord.swift */,
			);
			path = Models;
			sourceTree = "<group>";
		};
		AA5000000000000000000016 /* PrivacyControls */ = {
			isa = PBXGroup;
			children = (
				AA1001000000000000000027 /* PrivacySettings.swift */,
			);
			path = PrivacyControls;
			sourceTree = "<group>";
		};
		AA5000000000000000000017 /* Home */ = {
			isa = PBXGroup;
			children = (
				AA1001000000000000000028 /* HomeView.swift */,
			);
			path = Home;
			sourceTree = "<group>";
		};
		AA5000000000000000000018 /* Editor */ = {
			isa = PBXGroup;
			children = (
				AA1001000000000000000029 /* EditorView.swift */,
				AA1001000000000000000030 /* SliderControls.swift */,
				AA1001000000000000000031 /* HistogramView.swift */,
				AA1001000000000000000032 /* ToneCurveView.swift */,
				AA1001000000000000000033 /* HSLMixerView.swift */,
				AA1001000000000000000034 /* CropView.swift */,
			);
			path = Editor;
			sourceTree = "<group>";
		};
		AA5000000000000000000019 /* Shared */ = {
			isa = PBXGroup;
			children = (
				AA1001000000000000000035 /* PhotoGridItem.swift */,
				AA1001000000000000000036 /* LoadingOverlay.swift */,
				AA1001000000000000000037 /* ErrorBanner.swift */,
				AA1001000000000000000038 /* AccessibilityModifiers.swift */,
			);
			path = Shared;
			sourceTree = "<group>";
		};
		AA5000000000000000000020 /* Models */ = {
			isa = PBXGroup;
			children = (
				AA1001000000000000000058 /* Preset.swift */,
				AA1001000000000000000059 /* PresetRecord.swift */,
			);
			path = Models;
			sourceTree = "<group>";
		};
		AA5000000000000000000021 /* Engine */ = {
			isa = PBXGroup;
			children = (
				AA1001000000000000000060 /* PresetManager.swift */,
				AA1001000000000000000061 /* PresetLibrary.swift */,
				AA1001000000000000000062 /* PresetApplicator.swift */,
			);
			path = Engine;
			sourceTree = "<group>";
		};
		AA5000000000000000000022 /* UI */ = {
			isa = PBXGroup;
			children = (
				AA1001000000000000000063 /* PresetLibraryView.swift */,
				AA1001000000000000000064 /* PresetDetailView.swift */,
				AA1001000000000000000065 /* SavePresetView.swift */,
			);
			path = UI;
			sourceTree = "<group>";
		};
		AA5000000000000000000023 /* Models */ = {
			isa = PBXGroup;
			children = (
				AA1001000000000000000073 /* ExportSettings.swift */,
			);
			path = Models;
			sourceTree = "<group>";
		};
		AA5000000000000000000024 /* Engine */ = {
			isa = PBXGroup;
			children = (
				AA1001000000000000000074 /* ExportEngine.swift */,
				AA1001000000000000000075 /* FormatConverter.swift */,
				AA1001000000000000000076 /* MetadataHandler.swift */,
			);
			path = Engine;
			sourceTree = "<group>";
		};
		AA5000000000000000000025 /* UI */ = {
			isa = PBXGroup;
			children = (
				AA1001000000000000000078 /* ExportOptionsView.swift */,
				AA1001000000000000000079 /* BatchExportView.swift */,
				AA1001000000000000000080 /* ShareView.swift */,
				AA1001000000000000000081 /* PrintPreparationView.swift */,
			);
			path = UI;
			sourceTree = "<group>";
		};
		AA5000000000000000000026 /* Models */ = {
			isa = PBXGroup;
			children = (
				AA1001000000000000000066 /* CloudRecord.swift */,
				AA1001000000000000000067 /* SyncStatus.swift */,
			);
			path = Models;
			sourceTree = "<group>";
		};
		AA5000000000000000000027 /* Engine */ = {
			isa = PBXGroup;
			children = (
				AA1001000000000000000068 /* CloudKitService.swift */,
				AA1001000000000000000069 /* SyncManager.swift */,
			);
			path = Engine;
			sourceTree = "<group>";
		};
		AA5000000000000000000028 /* UI */ = {
			isa = PBXGroup;
			children = (
				AA1001000000000000000070 /* SyncStatusView.swift */,
				AA1001000000000000000071 /* SyncSettingsView.swift */,
				AA1001000000000000000072 /* ConflictResolutionView.swift */,
			);
			path = UI;
			sourceTree = "<group>";
		};
		AA5000000000000000000029 /* CritiqueEngine */ = {
			isa = PBXGroup;
			children = (
				AA1001000000000000000039 /* CritiqueResult.swift */,
				AA1001000000000000000040 /* ImageAnalyzer.swift */,
				AA1001000000000000000041 /* CompositionAnalyzer.swift */,
				AA1001000000000000000042 /* LightAnalyzer.swift */,
				AA1001000000000000000043 /* FocusAnalyzer.swift */,
				AA1001000000000000000044 /* ColorAnalyzer.swift */,
				AA1001000000000000000045 /* BackgroundAnalyzer.swift */,
				AA1001000000000000000046 /* StoryAnalyzer.swift */,
				31FE68ADAE92F40436ECA91E /* QuickMetricsAnalyzer.swift */,
			);
			path = CritiqueEngine;
			sourceTree = "<group>";
		};
		AA5000000000000000000030 /* BatchConsistencyModule */ = {
			isa = PBXGroup;
			children = (
				AA1001000000000000000047 /* ConsistencyReport.swift */,
				AA1001000000000000000048 /* BatchAnalyzer.swift */,
				AA1001000000000000000049 /* BatchCorrectionSuggester.swift */,
			);
			path = BatchConsistencyModule;
			sourceTree = "<group>";
		};
		AA5000000000000000000031 /* SkillTrackingModule */ = {
			isa = PBXGroup;
			children = (
				AA1001000000000000000050 /* SkillMetric.swift */,
				AA1001000000000000000051 /* SkillHistory.swift */,
				AA1001000000000000000052 /* WeeklyFocusPlan.swift */,
				AA1001000000000000000053 /* SkillDashboard.swift */,
			);
			path = SkillTrackingModule;
			sourceTree = "<group>";
		};
		AA5000000000000000000032 /* UI */ = {
			isa = PBXGroup;
			children = (
				AA1001000000000000000054 /* CritiqueResultView.swift */,
				AA1001000000000000000055 /* CategoryBreakdownView.swift */,
				AA1001000000000000000056 /* ImprovementActionsView.swift */,
				2F6B9CAA836837492373E594 /* QuickMetricsView.swift */,
			);
			path = UI;
			sourceTree = "<group>";
		};
		AA5000000000000000000033 /* DataModel */ = {
			isa = PBXGroup;
			children = (
				AA1001000000000000000057 /* CritiqueRecord.swift */,
			);
			path = DataModel;
			sourceTree = "<group>";
		};
		AE788886522EA1819C190DFC /* Panorama */ = {
			isa = PBXGroup;
			children = (
				7AFFD671EDC5AD020124995B /* PanoramaStitcher.swift */,
			);
			name = Panorama;
			sourceTree = "<group>";
		};
		E9D141623C4C05BFC9CD29B0 /* Upscaling */ = {
			isa = PBXGroup;
			children = (
				021088A5E10E7A79AD100A3E /* DPIUpscalingView.swift */,
			);
			name = Upscaling;
			sourceTree = "<group>";
		};
/* End PBXGroup section */

/* Begin PBXNativeTarget section */
		AA0000000000000000000006 /* PhotoCoachPro */ = {
			isa = PBXNativeTarget;
			buildConfigurationList = AA0000000000000000000007 /* Build configuration list for PBXNativeTarget "PhotoCoachPro" */;
			buildPhases = (
				AA0000000000000000000008 /* Sources */,
				AA0000000000000000000002 /* Frameworks */,
				AA0000000000000000000009 /* Resources */,
			);
			buildRules = (
			);
			dependencies = (
			);
			name = PhotoCoachPro;
			productName = PhotoCoachPro;
			productReference = AA0000000000000000000001 /* PhotoCoachPro.app */;
			productType = "com.apple.product-type.application";
		};
/* End PBXNativeTarget section */

/* Begin PBXProject section */
		AA0000000000000000000010 /* Project object */ = {
			isa = PBXProject;
			attributes = {
				BuildIndependentTargetsInParallel = 1;
				LastSwiftUpdateCheck = 1520;
				LastUpgradeCheck = 1520;
				TargetAttributes = {
					AA0000000000000000000006 = {
						CreatedOnToolsVersion = 15.2;
					};
				};
			};
			buildConfigurationList = AA0000000000000000000011 /* Build configuration list for PBXProject "PhotoCoachPro" */;
			compatibilityVersion = "Xcode 14.0";
			developmentRegion = en;
			hasScannedForEncodings = 0;
			knownRegions = (
				en,
				Base,
			);
			mainGroup = AA0000000000000000000003;
			productRefGroup = AA0000000000000000000005 /* Products */;
			projectDirPath = "";
			projectRoot = "";
			targets = (
				AA0000000000000000000006 /* PhotoCoachPro */,
			);
		};
/* End PBXProject section */

/* Begin PBXResourcesBuildPhase section */
		AA0000000000000000000009 /* Resources */ = {
			isa = PBXResourcesBuildPhase;
			buildActionMask = 2147483647;
			files = (
				AA0002000000000000000002 /* Preview Assets.xcassets in Resources */,
				AA0002000000000000000001 /* Assets.xcassets in Resources */,
			);
			runOnlyForDeploymentPostprocessing = 0;
		};
/* End PBXResourcesBuildPhase section */

/* Begin PBXSourcesBuildPhase section */
		AA0000000000000000000008 /* Sources */ = {
			isa = PBXSourcesBuildPhase;
			buildActionMask = 2147483647;
			files = (
				AA0001000000000000000001 /* PhotoCoachProApp.swift in Sources */,
				AA0001000000000000000002 /* AppState.swift in Sources */,
				AA0001000000000000000003 /* EditInstruction.swift in Sources */,
				AA0001000000000000000004 /* EditStack.swift in Sources */,
				AA0001000000000000000005 /* EditBranch.swift in Sources */,
				AA0001000000000000000006 /* EditPresets.swift in Sources */,
				AA0001000000000000000007 /* EditGraphEngine.swift in Sources */,
				AA0001000000000000000008 /* ColorSpaceManager.swift in Sources */,
				AA0001000000000000000009 /* ImageLoader.swift in Sources */,
				AA0001000000000000000010 /* ImageRenderer.swift in Sources */,
				AA0001000000000000000011 /* ThumbnailCache.swift in Sources */,
				AA0001000000000000000012 /* EXIFReader.swift in Sources */,
				AA0001000000000000000013 /* MetadataModels.swift in Sources */,
				AA0001000000000000000014 /* SupportedFormats.swift in Sources */,
				AA0001000000000000000015 /* RAWSettings.swift in Sources */,
				AA0001000000000000000016 /* RAWDecoder.swift in Sources */,
				AA0001000000000000000017 /* MaskLayer.swift in Sources */,
				AA0001000000000000000018 /* AutoMaskDetector.swift in Sources */,
				AA0001000000000000000019 /* MaskRefinementBrush.swift in Sources */,
				AA0001000000000000000020 /* MaskedAdjustment.swift in Sources */,
				AA0001000000000000000021 /* EditRecord.swift in Sources */,
				AA0001000000000000000022 /* MaskRecord.swift in Sources */,
				AA0001000000000000000023 /* RAWSettingsRecord.swift in Sources */,
				AA0001000000000000000024 /* PhotoRecord.swift in Sources */,
				AA0001000000000000000082 /* SkillHistoryRecord.swift in Sources */,
				AA0001000000000000000025 /* EditHistoryManager.swift in Sources */,
				AA0001000000000000000026 /* LocalDatabase.swift in Sources */,
				AA0001000000000000000027 /* PrivacySettings.swift in Sources */,
				AA0001000000000000000028 /* HomeView.swift in Sources */,
				AA0001000000000000000029 /* EditorView.swift in Sources */,
				AA0001000000000000000030 /* SliderControls.swift in Sources */,
				AA0001000000000000000031 /* HistogramView.swift in Sources */,
				AA0001000000000000000032 /* ToneCurveView.swift in Sources */,
				AA0001000000000000000033 /* HSLMixerView.swift in Sources */,
				AA0001000000000000000034 /* CropView.swift in Sources */,
				AA0001000000000000000035 /* PhotoGridItem.swift in Sources */,
				AA0001000000000000000036 /* LoadingOverlay.swift in Sources */,
				AA0001000000000000000037 /* ErrorBanner.swift in Sources */,
				AA0001000000000000000038 /* AccessibilityModifiers.swift in Sources */,
				AA0001000000000000000039 /* CritiqueResult.swift in Sources */,
				AA0001000000000000000040 /* ImageAnalyzer.swift in Sources */,
				AA0001000000000000000041 /* CompositionAnalyzer.swift in Sources */,
				AA0001000000000000000042 /* LightAnalyzer.swift in Sources */,
				AA0001000000000000000043 /* FocusAnalyzer.swift in Sources */,
				AA0001000000000000000044 /* ColorAnalyzer.swift in Sources */,
				AA0001000000000000000045 /* BackgroundAnalyzer.swift in Sources */,
				AA0001000000000000000046 /* StoryAnalyzer.swift in Sources */,
				AA0001000000000000000047 /* ConsistencyReport.swift in Sources */,
				AA0001000000000000000048 /* BatchAnalyzer.swift in Sources */,
				AA0001000000000000000049 /* BatchCorrectionSuggester.swift in Sources */,
				AA0001000000000000000050 /* SkillMetric.swift in Sources */,
				AA0001000000000000000051 /* SkillHistory.swift in Sources */,
				AA0001000000000000000052 /* WeeklyFocusPlan.swift in Sources */,
				AA0001000000000000000053 /* SkillDashboard.swift in Sources */,
				AA0001000000000000000054 /* CritiqueResultView.swift in Sources */,
				AA0001000000000000000055 /* CategoryBreakdownView.swift in Sources */,
				AA0001000000000000000056 /* ImprovementActionsView.swift in Sources */,
				AA0001000000000000000057 /* CritiqueRecord.swift in Sources */,
				AA0001000000000000000058 /* Preset.swift in Sources */,
				AA0001000000000000000059 /* PresetRecord.swift in Sources */,
				AA0001000000000000000060 /* PresetManager.swift in Sources */,
				AA0001000000000000000061 /* PresetLibrary.swift in Sources */,
				AA0001000000000000000062 /* PresetApplicator.swift in Sources */,
				AA0001000000000000000063 /* PresetLibraryView.swift in Sources */,
				AA0001000000000000000064 /* PresetDetailView.swift in Sources */,
				AA0001000000000000000065 /* SavePresetView.swift in Sources */,
				AA0001000000000000000066 /* CloudRecord.swift in Sources */,
				AA0001000000000000000067 /* SyncStatus.swift in Sources */,
				AA0001000000000000000068 /* CloudKitService.swift in Sources */,
				AA0001000000000000000069 /* SyncManager.swift in Sources */,
				AA0001000000000000000070 /* SyncStatusView.swift in Sources */,
				AA0001000000000000000071 /* SyncSettingsView.swift in Sources */,
				AA0001000000000000000072 /* ConflictResolutionView.swift in Sources */,
				AA0001000000000000000073 /* ExportSettings.swift in Sources */,
				AA0001000000000000000074 /* ExportEngine.swift in Sources */,
				AA0001000000000000000075 /* FormatConverter.swift in Sources */,
				AA0001000000000000000076 /* MetadataHandler.swift in Sources */,
				AA0001000000000000000077 /* ExportManager.swift in Sources */,
				AA0001000000000000000078 /* ExportOptionsView.swift in Sources */,
				AA0001000000000000000079 /* BatchExportView.swift in Sources */,
				AA0001000000000000000080 /* ShareView.swift in Sources */,
				AA0001000000000000000081 /* PrintPreparationView.swift in Sources */,
				095573A8FA22AEC4D286FCBB /* QuickMetricsAnalyzer.swift in Sources */,
				41E6DF1E28F36EA42AEF7B17 /* QuickMetricsView.swift in Sources */,
				D2191E3DB2C2C63CE2B1D60E /* PanoramaStitcher.swift in Sources */,
				3F0DC77E545A489CFD76A5DA /* PanoramaStitchingView.swift in Sources */,
				DC25739E1A07FB31613CC3F5 /* DPIUpscaler.swift in Sources */,
				3DC306C3198346FE055162FD /* DPIUpscalingView.swift in Sources */,
			);
			runOnlyForDeploymentPostprocessing = 0;
		};
/* End PBXSourcesBuildPhase section */

/* Begin XCBuildConfiguration section */
		AA0000000000000000000012 /* Debug */ = {
			isa = XCBuildConfiguration;
			buildSettings = {
				ALWAYS_SEARCH_USER_PATHS = NO;
				ASSETCATALOG_COMPILER_GENERATE_SWIFT_ASSET_SYMBOL_EXTENSIONS = YES;
				CLANG_ANALYZER_NONNULL = YES;
				CLANG_ANALYZER_NUMBER_OBJECT_CONVERSION = YES_AGGRESSIVE;
				CLANG_CXX_LANGUAGE_STANDARD = "gnu++20";
				CLANG_ENABLE_MODULES = YES;
				CLANG_ENABLE_OBJC_ARC = YES;
				CLANG_ENABLE_OBJC_WEAK = YES;
				CLANG_WARN_BLOCK_CAPTURE_AUTORELEASING = YES;
				CLANG_WARN_BOOL_CONVERSION = YES;
				CLANG_WARN_COMMA = YES;
				CLANG_WARN_CONSTANT_CONVERSION = YES;
				CLANG_WARN_DEPRECATED_OBJC_IMPLEMENTATIONS = YES;
				CLANG_WARN_DIRECT_OBJC_ISA_USAGE = YES_ERROR;
				CLANG_WARN_DOCUMENTATION_COMMENTS = YES;
				CLANG_WARN_EMPTY_BODY = YES;
				CLANG_WARN_ENUM_CONVERSION = YES;
				CLANG_WARN_INFINITE_RECURSION = YES;
				CLANG_WARN_INT_CONVERSION = YES;
				CLANG_WARN_NON_LITERAL_NULL_CONVERSION = YES;
				CLANG_WARN_OBJC_IMPLICIT_RETAIN_SELF = YES;
				CLANG_WARN_OBJC_LITERAL_CONVERSION = YES;
				CLANG_WARN_OBJC_ROOT_CLASS = YES_ERROR;
				CLANG_WARN_QUOTED_INCLUDE_IN_FRAMEWORK_HEADER = YES;
				CLANG_WARN_RANGE_LOOP_ANALYSIS = YES;
				CLANG_WARN_STRICT_PROTOTYPES = YES;
				CLANG_WARN_SUSPICIOUS_MOVE = YES;
				CLANG_WARN_UNGUARDED_AVAILABILITY = YES_AGGRESSIVE;
				CLANG_WARN_UNREACHABLE_CODE = YES;
				CLANG_WARN__DUPLICATE_METHOD_MATCH = YES;
				COPY_PHASE_STRIP = NO;
				DEBUG_INFORMATION_FORMAT = dwarf;
				ENABLE_STRICT_OBJC_MSGSEND = YES;
				ENABLE_TESTABILITY = YES;
				ENABLE_USER_SCRIPT_SANDBOXING = YES;
				GCC_C_LANGUAGE_STANDARD = gnu17;
				GCC_DYNAMIC_NO_PIC = NO;
				GCC_NO_COMMON_BLOCKS = YES;
				GCC_OPTIMIZATION_LEVEL = 0;
				GCC_PREPROCESSOR_DEFINITIONS = (
					"DEBUG=1",
					"$(inherited)",
				);
				GCC_WARN_64_TO_32_BIT_CONVERSION = YES;
				GCC_WARN_ABOUT_RETURN_TYPE = YES_ERROR;
				GCC_WARN_UNDECLARED_SELECTOR = YES;
				GCC_WARN_UNINITIALIZED_AUTOS = YES_AGGRESSIVE;
				GCC_WARN_UNUSED_FUNCTION = YES;
				GCC_WARN_UNUSED_VARIABLE = YES;
				LOCALIZATION_PREFERS_STRING_CATALOGS = YES;
				MTL_ENABLE_DEBUG_INFO = INCLUDE_SOURCE;
				MTL_FAST_MATH = YES;
				ONLY_ACTIVE_ARCH = YES;
				SWIFT_ACTIVE_COMPILATION_CONDITIONS = "DEBUG $(inherited)";
				SWIFT_OPTIMIZATION_LEVEL = "-Onone";
			};
			name = Debug;
		};
		AA0000000000000000000013 /* Release */ = {
			isa = XCBuildConfiguration;
			buildSettings = {
				ALWAYS_SEARCH_USER_PATHS = NO;
				ASSETCATALOG_COMPILER_GENERATE_SWIFT_ASSET_SYMBOL_EXTENSIONS = YES;
				CLANG_ANALYZER_NONNULL = YES;
				CLANG_ANALYZER_NUMBER_OBJECT_CONVERSION = YES_AGGRESSIVE;
				CLANG_CXX_LANGUAGE_STANDARD = "gnu++20";
				CLANG_ENABLE_MODULES = YES;
				CLANG_ENABLE_OBJC_ARC = YES;
				CLANG_ENABLE_OBJC_WEAK = YES;
				CLANG_WARN_BLOCK_CAPTURE_AUTORELEASING = YES;
				CLANG_WARN_BOOL_CONVERSION = YES;
				CLANG_WARN_COMMA = YES;
				CLANG_WARN_CONSTANT_CONVERSION = YES;
				CLANG_WARN_DEPRECATED_OBJC_IMPLEMENTATIONS = YES;
				CLANG_WARN_DIRECT_OBJC_ISA_USAGE = YES_ERROR;
				CLANG_WARN_DOCUMENTATION_COMMENTS = YES;
				CLANG_WARN_EMPTY_BODY = YES;
				CLANG_WARN_ENUM_CONVERSION = YES;
				CLANG_WARN_INFINITE_RECURSION = YES;
				CLANG_WARN_INT_CONVERSION = YES;
				CLANG_WARN_NON_LITERAL_NULL_CONVERSION = YES;
				CLANG_WARN_OBJC_IMPLICIT_RETAIN_SELF = YES;
				CLANG_WARN_OBJC_LITERAL_CONVERSION = YES;
				CLANG_WARN_OBJC_ROOT_CLASS = YES_ERROR;
				CLANG_WARN_QUOTED_INCLUDE_IN_FRAMEWORK_HEADER = YES;
				CLANG_WARN_RANGE_LOOP_ANALYSIS = YES;
				CLANG_WARN_STRICT_PROTOTYPES = YES;
				CLANG_WARN_SUSPICIOUS_MOVE = YES;
				CLANG_WARN_UNGUARDED_AVAILABILITY = YES_AGGRESSIVE;
				CLANG_WARN_UNREACHABLE_CODE = YES;
				CLANG_WARN__DUPLICATE_METHOD_MATCH = YES;
				COPY_PHASE_STRIP = NO;
				DEBUG_INFORMATION_FORMAT = "dwarf-with-dsym";
				ENABLE_NS_ASSERTIONS = NO;
				ENABLE_STRICT_OBJC_MSGSEND = YES;
				ENABLE_USER_SCRIPT_SANDBOXING = YES;
				GCC_C_LANGUAGE_STANDARD = gnu17;
				GCC_NO_COMMON_BLOCKS = YES;
				GCC_WARN_64_TO_32_BIT_CONVERSION = YES;
				GCC_WARN_ABOUT_RETURN_TYPE = YES_ERROR;
				GCC_WARN_UNDECLARED_SELECTOR = YES;
				GCC_WARN_UNINITIALIZED_AUTOS = YES_AGGRESSIVE;
				GCC_WARN_UNUSED_FUNCTION = YES;
				GCC_WARN_UNUSED_VARIABLE = YES;
				LOCALIZATION_PREFERS_STRING_CATALOGS = YES;
				MTL_ENABLE_DEBUG_INFO = NO;
				MTL_FAST_MATH = YES;
				SWIFT_COMPILATION_MODE = wholemodule;
			};
			name = Release;
		};
		AA0000000000000000000014 /* Debug */ = {
			isa = XCBuildConfiguration;
			buildSettings = {
				ASSETCATALOG_COMPILER_APPICON_NAME = AppIcon;
				ASSETCATALOG_COMPILER_GLOBAL_ACCENT_COLOR_NAME = AccentColor;
				CODE_SIGN_ENTITLEMENTS = PhotoCoachPro/PhotoCoachPro.entitlements;
				CODE_SIGN_IDENTITY = "-";
				CODE_SIGN_STYLE = Automatic;
				CURRENT_PROJECT_VERSION = 1;
				DEVELOPMENT_ASSET_PATHS = "\"PhotoCoachPro/Preview Content\"";
				DEVELOPMENT_TEAM = "";
				ENABLE_HARDENED_RUNTIME = YES;
				ENABLE_PREVIEWS = YES;
				GENERATE_INFOPLIST_FILE = YES;
				INFOPLIST_KEY_CFBundleDisplayName = "Photo Coach Pro";
				INFOPLIST_KEY_LSApplicationCategoryType = "public.app-category.photography";
				"INFOPLIST_KEY_UIApplicationSceneManifest_Generation[sdk=iphoneos*]" = YES;
				"INFOPLIST_KEY_UIApplicationSceneManifest_Generation[sdk=iphonesimulator*]" = YES;
				"INFOPLIST_KEY_UIApplicationSupportsIndirectInputEvents[sdk=iphoneos*]" = YES;
				"INFOPLIST_KEY_UIApplicationSupportsIndirectInputEvents[sdk=iphonesimulator*]" = YES;
				"INFOPLIST_KEY_UILaunchScreen_Generation[sdk=iphoneos*]" = YES;
				"INFOPLIST_KEY_UILaunchScreen_Generation[sdk=iphonesimulator*]" = YES;
				"INFOPLIST_KEY_UIStatusBarStyle[sdk=iphoneos*]" = UIStatusBarStyleDefault;
				"INFOPLIST_KEY_UIStatusBarStyle[sdk=iphonesimulator*]" = UIStatusBarStyleDefault;
				INFOPLIST_KEY_UISupportedInterfaceOrientations = "UIInterfaceOrientationLandscapeLeft UIInterfaceOrientationLandscapeRight UIInterfaceOrientationPortrait";
				INFOPLIST_KEY_UISupportedInterfaceOrientations_iPad = "UIInterfaceOrientationLandscapeLeft UIInterfaceOrientationLandscapeRight UIInterfaceOrientationPortrait UIInterfaceOrientationPortraitUpsideDown";
				IPHONEOS_DEPLOYMENT_TARGET = 17.0;
				LD_RUNPATH_SEARCH_PATHS = "@executable_path/Frameworks";
				"LD_RUNPATH_SEARCH_PATHS[sdk=macosx*]" = "@executable_path/../Frameworks";
				MACOSX_DEPLOYMENT_TARGET = 14.0;
				MARKETING_VERSION = 1.0;
				PRODUCT_BUNDLE_IDENTIFIER = com.photocoachpro.app;
				PRODUCT_NAME = "$(TARGET_NAME)";
				SDKROOT = auto;
				SUPPORTED_PLATFORMS = "iphoneos iphonesimulator macosx";
				SUPPORTS_MACCATALYST = NO;
				SWIFT_EMIT_LOC_STRINGS = YES;
				SWIFT_VERSION = 5.0;
				TARGETED_DEVICE_FAMILY = "1,2";
			};
			name = Debug;
		};
		AA0000000000000000000015 /* Release */ = {
			isa = XCBuildConfiguration;
			buildSettings = {
				ASSETCATALOG_COMPILER_APPICON_NAME = AppIcon;
				ASSETCATALOG_COMPILER_GLOBAL_ACCENT_COLOR_NAME = AccentColor;
				CODE_SIGN_ENTITLEMENTS = PhotoCoachPro/PhotoCoachPro.entitlements;
				CODE_SIGN_IDENTITY = "-";
				CODE_SIGN_STYLE = Automatic;
				CURRENT_PROJECT_VERSION = 1;
				DEVELOPMENT_ASSET_PATHS = "\"PhotoCoachPro/Preview Content\"";
				DEVELOPMENT_TEAM = "";
				ENABLE_HARDENED_RUNTIME = YES;
				ENABLE_PREVIEWS = YES;
				GENERATE_INFOPLIST_FILE = YES;
				INFOPLIST_KEY_CFBundleDisplayName = "Photo Coach Pro";
				INFOPLIST_KEY_LSApplicationCategoryType = "public.app-category.photography";
				"INFOPLIST_KEY_UIApplicationSceneManifest_Generation[sdk=iphoneos*]" = YES;
				"INFOPLIST_KEY_UIApplicationSceneManifest_Generation[sdk=iphonesimulator*]" = YES;
				"INFOPLIST_KEY_UIApplicationSupportsIndirectInputEvents[sdk=iphoneos*]" = YES;
				"INFOPLIST_KEY_UIApplicationSupportsIndirectInputEvents[sdk=iphonesimulator*]" = YES;
				"INFOPLIST_KEY_UILaunchScreen_Generation[sdk=iphoneos*]" = YES;
				"INFOPLIST_KEY_UILaunchScreen_Generation[sdk=iphonesimulator*]" = YES;
				"INFOPLIST_KEY_UIStatusBarStyle[sdk=iphoneos*]" = UIStatusBarStyleDefault;
				"INFOPLIST_KEY_UIStatusBarStyle[sdk=iphonesimulator*]" = UIStatusBarStyleDefault;
				INFOPLIST_KEY_UISupportedInterfaceOrientations = "UIInterfaceOrientationLandscapeLeft UIInterfaceOrientationLandscapeRight UIInterfaceOrientationPortrait";
				INFOPLIST_KEY_UISupportedInterfaceOrientations_iPad = "UIInterfaceOrientationLandscapeLeft UIInterfaceOrientationLandscapeRight UIInterfaceOrientationPortrait UIInterfaceOrientationPortraitUpsideDown";
				IPHONEOS_DEPLOYMENT_TARGET = 17.0;
				LD_RUNPATH_SEARCH_PATHS = "@executable_path/Frameworks";
				"LD_RUNPATH_SEARCH_PATHS[sdk=macosx*]" = "@executable_path/../Frameworks";
				MACOSX_DEPLOYMENT_TARGET = 14.0;
				MARKETING_VERSION = 1.0;
				PRODUCT_BUNDLE_IDENTIFIER = com.photocoachpro.app;
				PRODUCT_NAME = "$(TARGET_NAME)";
				SDKROOT = auto;
				SUPPORTED_PLATFORMS = "iphoneos iphonesimulator macosx";
				SUPPORTS_MACCATALYST = NO;
				SWIFT_EMIT_LOC_STRINGS = YES;
				SWIFT_VERSION = 5.0;
				TARGETED_DEVICE_FAMILY = "1,2";
			};
			name = Release;
		};
/* End XCBuildConfiguration section */

/* Begin XCConfigurationList section */
		AA0000000000000000000007 /* Build configuration list for PBXNativeTarget "PhotoCoachPro" */ = {
			isa = XCConfigurationList;
			buildConfigurations = (
				AA0000000000000000000014 /* Debug */,
				AA0000000000000000000015 /* Release */,
			);
			defaultConfigurationIsVisible = 0;
			defaultConfigurationName = Release;
		};
		AA0000000000000000000011 /* Build configuration list for PBXProject "PhotoCoachPro" */ = {
			isa = XCConfigurationList;
			buildConfigurations = (
				AA0000000000000000000012 /* Debug */,
				AA0000000000000000000013 /* Release */,
			);
			defaultConfigurationIsVisible = 0;
			defaultConfigurationName = Release;
		};
/* End XCConfigurationList section */
	};
	rootObject = AA0000000000000000000010 /* Project object */;
}
